// !$*UTF8*$!
{
	archiveVersion = 1;
	classes = {
	};
	objectVersion = 54;
	objects = {

/* Begin PBXBuildFile section */
		4D3BF8F530384BAB0052F85B /* HCprint.m in Sources */ = {isa = PBXBuildFile; fileRef = 4D3BF8F430384BAB0052F85B /* HCprint.m */; };
		4D482C28303899720071BC2B /* AppIcon.icns in Resources */ = {isa = PBXBuildFile; fileRef = 4D482C26303899710071BC2B /* AppIcon.icns */; };
		4D482C29303899720071BC2B /* stack.icns in Resources */ = {isa = PBXBuildFile; fileRef = 4D482C27303899710071BC2B /* stack.icns */; };
		4D9E256D3031EB1800C2D5EE /* Hcdocument.m in Sources */ = {isa = PBXBuildFile; fileRef = 4D9E256C3031EB1800C2D5EE /* Hcdocument.m */; };
		4DF28F7D3023666200D7740C /* boing.wav in Resources */ = {isa = PBXBuildFile; fileRef = 4DF28F7C3023666200D7740C /* boing.wav */; };
		4DF28F80302369FF00D7740C /* boing3.wav in Resources */ = {isa = PBXBuildFile; fileRef = 4DF28F7F302369FE00D7740C /* boing3.wav */; };
		4DF28F833023709D00D7740C /* coq.wav in Resources */ = {isa = PBXBuildFile; fileRef = 4DF28F823023709D00D7740C /* coq.wav */; };
		4DF28F8A3023F77000D7740C /* canard.wav in Resources */ = {isa = PBXBuildFile; fileRef = 4DF28F893023F77000D7740C /* canard.wav */; };
		4DF28F903027EE3700D7740C /* HCglobals.m in Sources */ = {isa = PBXBuildFile; fileRef = 4DF28F8F3027EE3600D7740C /* HCglobals.m */; };
		4DF28F953029393400D7740C /* graphics.m in Sources */ = {isa = PBXBuildFile; fileRef = 4DF28F943029393400D7740C /* graphics.m */; };
		4DF5FB4F3014BE74006AE901 /* AppDelegate.m in Sources */ = {isa = PBXBuildFile; fileRef = 4DF5FB4E3014BE74006AE901 /* AppDelegate.m */; };
		4DF5FB513014BE7D006AE901 /* Assets.xcassets in Resources */ = {isa = PBXBuildFile; fileRef = 4DF5FB503014BE7D006AE901 /* Assets.xcassets */; };
		4DF5FB543014BE7D006AE901 /* MainMenu.xib in Resources */ = {isa = PBXBuildFile; fileRef = 4DF5FB523014BE7D006AE901 /* MainMenu.xib */; };
		4DF5FB573014BE7E006AE901 /* main.m in Sources */ = {isa = PBXBuildFile; fileRef = 4DF5FB563014BE7E006AE901 /* main.m */; };
		4DF5FB643014C005006AE901 /* hc_core.c in Sources */ = {isa = PBXBuildFile; fileRef = 4DF5FB623014C004006AE901 /* hc_core.c */; };
		4DF5FB653014C005006AE901 /* hc_file.c in Sources */ = {isa = PBXBuildFile; fileRef = 4DF5FB633014C005006AE901 /* hc_file.c */; };
		4DF5FB6A3014C140006AE901 /* HCview.m in Sources */ = {isa = PBXBuildFile; fileRef = 4DF5FB693014C140006AE901 /* HCview.m */; };
		4DF5FB6F3019CF11006AE901 /* icons.m in Sources */ = {isa = PBXBuildFile; fileRef = 4DF5FB6E3019CF11006AE901 /* icons.m */; };
		4DF5FB7D301CD14C006AE901 /* HCpalettes.m in Sources */ = {isa = PBXBuildFile; fileRef = 4DF5FB7C301CD14C006AE901 /* HCpalettes.m */; };
		4DF5FB83301E0DAF006AE901 /* HCicons.m in Sources */ = {isa = PBXBuildFile; fileRef = 4DF5FB82301E0DAF006AE901 /* HCicons.m */; };
		4DF5FB8D301FEE6F006AE901 /* HCdialogs.m in Sources */ = {isa = PBXBuildFile; fileRef = 4DF5FB8C301FEE6F006AE901 /* HCdialogs.m */; };
		4DF856DC30343751009E17FB /* HCtext.m in Sources */ = {isa = PBXBuildFile; fileRef = 4DF856DB30343751009E17FB /* HCtext.m */; };
		4DF856E130343BE0009E17FB /* HCvisual.m in Sources */ = {isa = PBXBuildFile; fileRef = 4DF856DF30343BE0009E17FB /* HCvisual.m */; };
/* End PBXBuildFile section */

/* Begin PBXFileReference section */
		4D3BF8F330384BAA0052F85B /* HCprint.h */ = {isa = PBXFileReference; fileEncoding = 4; lastKnownFileType = sourcecode.c.h; path = HCprint.h; sourceTree = "<group>"; };
		4D3BF8F430384BAB0052F85B /* HCprint.m */ = {isa = PBXFileReference; fileEncoding = 4; lastKnownFileType = sourcecode.c.objc; path = HCprint.m; sourceTree = "<group>"; };
		4D482C26303899710071BC2B /* AppIcon.icns */ = {isa = PBXFileReference; lastKnownFileType = image.icns; path = AppIcon.icns; sourceTree = "<group>"; };
		4D482C27303899710071BC2B /* stack.icns */ = {isa = PBXFileReference; lastKnownFileType = image.icns; path = stack.icns; sourceTree = "<group>"; };
		4D9E256C3031EB1800C2D5EE /* Hcdocument.m */ = {isa = PBXFileReference; lastKnownFileType = sourcecode.c.objc; path = Hcdocument.m; sourceTree = "<group>"; };
		4D9E256F3031F6D000C2D5EE /* HCdocument.h */ = {isa = PBXFileReference; fileEncoding = 4; lastKnownFileType = sourcecode.c.h; path = HCdocument.h; sourceTree = "<group>"; };
		4DF28F7C3023666200D7740C /* boing.wav */ = {isa = PBXFileReference; lastKnownFileType = audio.wav; path = boing.wav; sourceTree = "<group>"; };
		4DF28F7F302369FE00D7740C /* boing3.wav */ = {isa = PBXFileReference; lastKnownFileType = audio.wav; path = boing3.wav; sourceTree = "<group>"; };
		4DF28F823023709D00D7740C /* coq.wav */ = {isa = PBXFileReference; lastKnownFileType = audio.wav; path = coq.wav; sourceTree = "<group>"; };
		4DF28F893023F77000D7740C /* canard.wav */ = {isa = PBXFileReference; lastKnownFileType = audio.wav; path = canard.wav; sourceTree = "<group>"; };
		4DF28F8F3027EE3600D7740C /* HCglobals.m */ = {isa = PBXFileReference; fileEncoding = 4; lastKnownFileType = sourcecode.c.objc; path = HCglobals.m; sourceTree = "<group>"; };
		4DF28F943029393400D7740C /* graphics.m */ = {isa = PBXFileReference; fileEncoding = 4; lastKnownFileType = sourcecode.c.objc; path = graphics.m; sourceTree = "<group>"; };
		4DF5FB4A3014BE74006AE901 /* HC.app */ = {isa = PBXFileReference; explicitFileType = wrapper.application; includeInIndex = 0; path = HC.app; sourceTree = BUILT_PRODUCTS_DIR; };
		4DF5FB4D3014BE74006AE901 /* AppDelegate.h */ = {isa = PBXFileReference; lastKnownFileType = sourcecode.c.h; path = AppDelegate.h; sourceTree = "<group>"; };
		4DF5FB4E3014BE74006AE901 /* AppDelegate.m */ = {isa = PBXFileReference; lastKnownFileType = sourcecode.c.objc; path = AppDelegate.m; sourceTree = "<group>"; };
		4DF5FB503014BE7D006AE901 /* Assets.xcassets */ = {isa = PBXFileReference; lastKnownFileType = folder.assetcatalog; path = Assets.xcassets; sourceTree = "<group>"; };
		4DF5FB533014BE7D006AE901 /* Base */ = {isa = PBXFileReference; lastKnownFileType = file.xib; name = Base; path = Base.lproj/MainMenu.xib; sourceTree = "<group>"; };
		4DF5FB553014BE7D006AE901 /* Info.plist */ = {isa = PBXFileReference; lastKnownFileType = text.plist.xml; path = Info.plist; sourceTree = "<group>"; };
		4DF5FB563014BE7E006AE901 /* main.m */ = {isa = PBXFileReference; lastKnownFileType = sourcecode.c.objc; path = main.m; sourceTree = "<group>"; };
		4DF5FB583014BE7E006AE901 /* HC.entitlements */ = {isa = PBXFileReference; lastKnownFileType = text.plist.entitlements; path = HC.entitlements; sourceTree = "<group>"; };
		4DF5FB603014C004006AE901 /* hc_file.h */ = {isa = PBXFileReference; fileEncoding = 4; lastKnownFileType = sourcecode.c.h; path = hc_file.h; sourceTree = "<group>"; };
		4DF5FB613014C004006AE901 /* hc_core.h */ = {isa = PBXFileReference; fileEncoding = 4; lastKnownFileType = sourcecode.c.h; path = hc_core.h; sourceTree = "<group>"; };
		4DF5FB623014C004006AE901 /* hc_core.c */ = {isa = PBXFileReference; fileEncoding = 4; lastKnownFileType = sourcecode.c.c; path = hc_core.c; sourceTree = "<group>"; };
		4DF5FB633014C005006AE901 /* hc_file.c */ = {isa = PBXFileReference; fileEncoding = 4; lastKnownFileType = sourcecode.c.c; path = hc_file.c; sourceTree = "<group>"; };
		4DF5FB683014C140006AE901 /* HCview.h */ = {isa = PBXFileReference; lastKnownFileType = sourcecode.c.h; path = HCview.h; sourceTree = "<group>"; };
		4DF5FB693014C140006AE901 /* HCview.m */ = {isa = PBXFileReference; lastKnownFileType = sourcecode.c.objc; path = HCview.m; sourceTree = "<group>"; };
		4DF5FB6D3019CEC6006AE901 /* icons.h */ = {isa = PBXFileReference; lastKnownFileType = sourcecode.c.h; path = icons.h; sourceTree = "<group>"; };
		4DF5FB6E3019CF11006AE901 /* icons.m */ = {isa = PBXFileReference; lastKnownFileType = sourcecode.c.objc; path = icons.m; sourceTree = "<group>"; };
		4DF5FB77301CC7F6006AE901 /* HCglobals.h */ = {isa = PBXFileReference; lastKnownFileType = sourcecode.c.h; path = HCglobals.h; sourceTree = "<group>"; };
		4DF5FB7C301CD14C006AE901 /* HCpalettes.m */ = {isa = PBXFileReference; lastKnownFileType = sourcecode.c.objc; path = HCpalettes.m; sourceTree = "<group>"; };
		4DF5FB7F301CD236006AE901 /* HCpalettes.h */ = {isa = PBXFileReference; lastKnownFileType = sourcecode.c.h; path = HCpalettes.h; sourceTree = "<group>"; };
		4DF5FB81301E0D06006AE901 /* HCicons.h */ = {isa = PBXFileReference; lastKnownFileType = sourcecode.c.h; path = HCicons.h; sourceTree = "<group>"; };
		4DF5FB82301E0DAF006AE901 /* HCicons.m */ = {isa = PBXFileReference; lastKnownFileType = sourcecode.c.objc; path = HCicons.m; sourceTree = "<group>"; };
		4DF5FB87301FE73D006AE901 /* graphics.h */ = {isa = PBXFileReference; lastKnownFileType = sourcecode.c.h; path = graphics.h; sourceTree = "<group>"; };
		4DF5FB8B301FEE35006AE901 /* HCdialogs.h */ = {isa = PBXFileReference; lastKnownFileType = sourcecode.c.h; path = HCdialogs.h; sourceTree = "<group>"; };
		4DF5FB8C301FEE6F006AE901 /* HCdialogs.m */ = {isa = PBXFileReference; lastKnownFileType = sourcecode.c.objc; path = HCdialogs.m; sourceTree = "<group>"; };
		4DF856DA30343751009E17FB /* HCtext.h */ = {isa = PBXFileReference; fileEncoding = 4; lastKnownFileType = sourcecode.c.h; path = HCtext.h; sourceTree = "<group>"; };
		4DF856DB30343751009E17FB /* HCtext.m */ = {isa = PBXFileReference; fileEncoding = 4; lastKnownFileType = sourcecode.c.objc; path = HCtext.m; sourceTree = "<group>"; };
		4DF856DF30343BE0009E17FB /* HCvisual.m */ = {isa = PBXFileReference; fileEncoding = 4; lastKnownFileType = sourcecode.c.objc; path = HCvisual.m; sourceTree = "<group>"; };
		4DF856E030343BE0009E17FB /* HCvisual.h */ = {isa = PBXFileReference; fileEncoding = 4; lastKnownFileType = sourcecode.c.h; path = HCvisual.h; sourceTree = "<group>"; };
/* End PBXFileReference section */

/* Begin PBXFrameworksBuildPhase section */
		4DF5FB473014BE74006AE901 /* Frameworks */ = {
			isa = PBXFrameworksBuildPhase;
			buildActionMask = 2147483647;
			files = (
			);
			runOnlyForDeploymentPostprocessing = 0;
		};
/* End PBXFrameworksBuildPhase section */

/* Begin PBXGroup section */
		4DF28F863023DD3700D7740C /* sounds */ = {
			isa = PBXGroup;
			children = (
				4DF28F893023F77000D7740C /* canard.wav */,
				4DF28F823023709D00D7740C /* coq.wav */,
				4DF28F7F302369FE00D7740C /* boing3.wav */,
				4DF28F7C3023666200D7740C /* boing.wav */,
			);
			path = sounds;
			sourceTree = "<group>";
		};
		4DF5FB413014BE74006AE901 = {
			isa = PBXGroup;
			children = (
				4DF5FB4C3014BE74006AE901 /* HC */,
				4DF5FB4B3014BE74006AE901 /* Products */,
			);
			sourceTree = "<group>";
		};
		4DF5FB4B3014BE74006AE901 /* Products */ = {
			isa = PBXGroup;
			children = (
				4DF5FB4A3014BE74006AE901 /* HC.app */,
			);
			name = Products;
			sourceTree = "<group>";
		};
		4DF5FB4C3014BE74006AE901 /* HC */ = {
			isa = PBXGroup;
			children = (
				4DF28F863023DD3700D7740C /* sounds */,
				4DF5FB4D3014BE74006AE901 /* AppDelegate.h */,
				4DF5FB623014C004006AE901 /* hc_core.c */,
				4DF5FB693014C140006AE901 /* HCview.m */,
				4D3BF8F330384BAA0052F85B /* HCprint.h */,
				4D3BF8F430384BAB0052F85B /* HCprint.m */,
				4DF856DA30343751009E17FB /* HCtext.h */,
				4DF856DB30343751009E17FB /* HCtext.m */,
				4DF856E030343BE0009E17FB /* HCvisual.h */,
				4DF856DF30343BE0009E17FB /* HCvisual.m */,
				4DF28F943029393400D7740C /* graphics.m */,
				4DF5FB8B301FEE35006AE901 /* HCdialogs.h */,
				4DF5FB8C301FEE6F006AE901 /* HCdialogs.m */,
				4DF5FB87301FE73D006AE901 /* graphics.h */,
				4DF5FB6D3019CEC6006AE901 /* icons.h */,
				4DF5FB81301E0D06006AE901 /* HCicons.h */,
				4DF5FB82301E0DAF006AE901 /* HCicons.m */,
				4DF5FB6E3019CF11006AE901 /* icons.m */,
				4DF5FB613014C004006AE901 /* hc_core.h */,
				4DF5FB683014C140006AE901 /* HCview.h */,
				4DF5FB633014C005006AE901 /* hc_file.c */,
				4DF5FB4E3014BE74006AE901 /* AppDelegate.m */,
				4D482C26303899710071BC2B /* AppIcon.icns */,
				4D482C27303899710071BC2B /* stack.icns */,
				4D9E256F3031F6D000C2D5EE /* HCdocument.h */,
				4D9E256C3031EB1800C2D5EE /* Hcdocument.m */,
				4DF5FB77301CC7F6006AE901 /* HCglobals.h */,
				4DF5FB603014C004006AE901 /* hc_file.h */,
				4DF5FB503014BE7D006AE901 /* Assets.xcassets */,
				4DF5FB523014BE7D006AE901 /* MainMenu.xib */,
				4DF5FB553014BE7D006AE901 /* Info.plist */,
				4DF5FB563014BE7E006AE901 /* main.m */,
				4DF28F8F3027EE3600D7740C /* HCglobals.m */,
				4DF5FB583014BE7E006AE901 /* HC.entitlements */,
				4DF5FB7C301CD14C006AE901 /* HCpalettes.m */,
				4DF5FB7F301CD236006AE901 /* HCpalettes.h */,
			);
			path = HC;
			sourceTree = "<group>";
		};
/* End PBXGroup section */

/* Begin PBXNativeTarget section */
		4DF5FB493014BE74006AE901 /* HC */ = {
			isa = PBXNativeTarget;
			buildConfigurationList = 4DF5FB5B3014BE7E006AE901 /* Build configuration list for PBXNativeTarget "HC" */;
			buildPhases = (
				4DF5FB463014BE74006AE901 /* Sources */,
				4DF5FB473014BE74006AE901 /* Frameworks */,
				4DF5FB483014BE74006AE901 /* Resources */,
			);
			buildRules = (
			);
			dependencies = (
			);
			name = HC;
			productName = HC;
			productReference = 4DF5FB4A3014BE74006AE901 /* HC.app */;
			productType = "com.apple.product-type.application";
		};
/* End PBXNativeTarget section */

/* Begin PBXProject section */
		4DF5FB423014BE74006AE901 /* Project object */ = {
			isa = PBXProject;
			attributes = {
				LastUpgradeCheck = 1240;
				TargetAttributes = {
					4DF5FB493014BE74006AE901 = {
						CreatedOnToolsVersion = 12.4;
					};
				};
			};
			buildConfigurationList = 4DF5FB453014BE74006AE901 /* Build configuration list for PBXProject "HC" */;
			compatibilityVersion = "Xcode 12.0";
			developmentRegion = en;
			hasScannedForEncodings = 0;
			knownRegions = (
				en,
				Base,
			);
			mainGroup = 4DF5FB413014BE74006AE901;
			productRefGroup = 4DF5FB4B3014BE74006AE901 /* Products */;
			projectDirPath = "";
			projectRoot = "";
			targets = (
				4DF5FB493014BE74006AE901 /* HC */,
			);
		};
/* End PBXProject section */

/* Begin PBXResourcesBuildPhase section */
		4DF5FB483014BE74006AE901 /* Resources */ = {
			isa = PBXResourcesBuildPhase;
			buildActionMask = 2147483647;
			files = (
				4DF28F80302369FF00D7740C /* boing3.wav in Resources */,
				4DF28F8A3023F77000D7740C /* canard.wav in Resources */,
				4DF5FB513014BE7D006AE901 /* Assets.xcassets in Resources */,
				4D482C29303899720071BC2B /* stack.icns in Resources */,
				4D482C28303899720071BC2B /* AppIcon.icns in Resources */,
				4DF5FB543014BE7D006AE901 /* MainMenu.xib in Resources */,
				4DF28F833023709D00D7740C /* coq.wav in Resources */,
				4DF28F7D3023666200D7740C /* boing.wav in Resources */,
			);
			runOnlyForDeploymentPostprocessing = 0;
		};
/* End PBXResourcesBuildPhase section */

/* Begin PBXSourcesBuildPhase section */
		4DF5FB463014BE74006AE901 /* Sources */ = {
			isa = PBXSourcesBuildPhase;
			buildActionMask = 2147483647;
			files = (
				4DF856DC30343751009E17FB /* HCtext.m in Sources */,
				4D3BF8F530384BAB0052F85B /* HCprint.m in Sources */,
				4DF28F903027EE3700D7740C /* HCglobals.m in Sources */,
				4D9E256D3031EB1800C2D5EE /* Hcdocument.m in Sources */,
				4DF5FB6F3019CF11006AE901 /* icons.m in Sources */,
				4DF5FB653014C005006AE901 /* hc_file.c in Sources */,
				4DF5FB573014BE7E006AE901 /* main.m in Sources */,
				4DF5FB4F3014BE74006AE901 /* AppDelegate.m in Sources */,
				4DF5FB83301E0DAF006AE901 /* HCicons.m in Sources */,
				4DF5FB8D301FEE6F006AE901 /* HCdialogs.m in Sources */,
				4DF5FB7D301CD14C006AE901 /* HCpalettes.m in Sources */,
				4DF5FB643014C005006AE901 /* hc_core.c in Sources */,
				4DF5FB6A3014C140006AE901 /* HCview.m in Sources */,
				4DF856E130343BE0009E17FB /* HCvisual.m in Sources */,
				4DF28F953029393400D7740C /* graphics.m in Sources */,
			);
			runOnlyForDeploymentPostprocessing = 0;
		};
/* End PBXSourcesBuildPhase section */

/* Begin PBXVariantGroup section */
		4DF5FB523014BE7D006AE901 /* MainMenu.xib */ = {
			isa = PBXVariantGroup;
			children = (
				4DF5FB533014BE7D006AE901 /* Base */,
			);
			name = MainMenu.xib;
			sourceTree = "<group>";
		};
/* End PBXVariantGroup section */

/* Begin XCBuildConfiguration section */
		4DF5FB593014BE7E006AE901 /* Debug */ = {
			isa = XCBuildConfiguration;
			buildSettings = {
				ALWAYS_SEARCH_USER_PATHS = NO;
				CLANG_ANALYZER_NONNULL = YES;
				CLANG_ANALYZER_NUMBER_OBJECT_CONVERSION = YES_AGGRESSIVE;
				CLANG_CXX_LANGUAGE_STANDARD = "gnu++14";
				CLANG_CXX_LIBRARY = "libc++";
				CLANG_ENABLE_MODULES = YES;
				CLANG_ENABLE_OBJC_ARC = YES;
				CLANG_ENABLE_OBJC_WEAK = YES;
				CLANG_WARN_BLOCK_CAPTURE_AUTORELEASING = YES;
				CLANG_WARN_BOOL_CONVERSION = YES;
				CLANG_WARN_COMMA = YES;
				CLANG_WARN_CONSTANT_CONVERSION = YES;
				CLANG_WARN_DEPRECATED_OBJC_IMPLEMENTATIONS = YES;
				CLANG_WARN_DIRECT_OBJC_ISA_USAGE = YES_ERROR;
				CLANG_WARN_DOCUMENTATION_COMMENTS = YES;
				CLANG_WARN_EMPTY_BODY = YES;
				CLANG_WARN_ENUM_CONVERSION = YES;
				CLANG_WARN_INFINITE_RECURSION = YES;
				CLANG_WARN_INT_CONVERSION = YES;
				CLANG_WARN_NON_LITERAL_NULL_CONVERSION = YES;
				CLANG_WARN_OBJC_IMPLICIT_RETAIN_SELF = YES;
				CLANG_WARN_OBJC_LITERAL_CONVERSION = YES;
				CLANG_WARN_OBJC_ROOT_CLASS = YES_ERROR;
				CLANG_WARN_QUOTED_INCLUDE_IN_FRAMEWORK_HEADER = YES;
				CLANG_WARN_RANGE_LOOP_ANALYSIS = YES;
				CLANG_WARN_STRICT_PROTOTYPES = YES;
				CLANG_WARN_SUSPICIOUS_MOVE = YES;
				CLANG_WARN_UNGUARDED_AVAILABILITY = YES_AGGRESSIVE;
				CLANG_WARN_UNREACHABLE_CODE = YES;
				CLANG_WARN__DUPLICATE_METHOD_MATCH = YES;
				COPY_PHASE_STRIP = NO;
				DEBUG_INFORMATION_FORMAT = dwarf;
				ENABLE_STRICT_OBJC_MSGSEND = YES;
				ENABLE_TESTABILITY = YES;
				GCC_C_LANGUAGE_STANDARD = gnu11;
				GCC_DYNAMIC_NO_PIC = NO;
				GCC_NO_COMMON_BLOCKS = YES;
				GCC_OPTIMIZATION_LEVEL = 0;
				GCC_PREPROCESSOR_DEFINITIONS = (
					"DEBUG=1",
					"$(inherited)",
				);
				GCC_WARN_64_TO_32_BIT_CONVERSION = YES;
				GCC_WARN_ABOUT_RETURN_TYPE = YES_ERROR;
				GCC_WARN_UNDECLARED_SELECTOR = YES;
				GCC_WARN_UNINITIALIZED_AUTOS = YES_AGGRESSIVE;
				GCC_WARN_UNUSED_FUNCTION = YES;
				GCC_WARN_UNUSED_VARIABLE = YES;
				MACOSX_DEPLOYMENT_TARGET = 10.15;
				MTL_ENABLE_DEBUG_INFO = INCLUDE_SOURCE;
				MTL_FAST_MATH = YES;
				ONLY_ACTIVE_ARCH = YES;
				SDKROOT = macosx;
			};
			name = Debug;
		};
		4DF5FB5A3014BE7E006AE901 /* Release */ = {
			isa = XCBuildConfiguration;
			buildSettings = {
				ALWAYS_SEARCH_USER_PATHS = NO;
				CLANG_ANALYZER_NONNULL = YES;
				CLANG_ANALYZER_NUMBER_OBJECT_CONVERSION = YES_AGGRESSIVE;
				CLANG_CXX_LANGUAGE_STANDARD = "gnu++14";
				CLANG_CXX_LIBRARY = "libc++";
				CLANG_ENABLE_MODULES = YES;
				CLANG_ENABLE_OBJC_ARC = YES;
				CLANG_ENABLE_OBJC_WEAK = YES;
				CLANG_WARN_BLOCK_CAPTURE_AUTORELEASING = YES;
				CLANG_WARN_BOOL_CONVERSION = YES;
				CLANG_WARN_COMMA = YES;
				CLANG_WARN_CONSTANT_CONVERSION = YES;
				CLANG_WARN_DEPRECATED_OBJC_IMPLEMENTATIONS = YES;
				CLANG_WARN_DIRECT_OBJC_ISA_USAGE = YES_ERROR;
				CLANG_WARN_DOCUMENTATION_COMMENTS = YES;
				CLANG_WARN_EMPTY_BODY = YES;
				CLANG_WARN_ENUM_CONVERSION = YES;
				CLANG_WARN_INFINITE_RECURSION = YES;
				CLANG_WARN_INT_CONVERSION = YES;
				CLANG_WARN_NON_LITERAL_NULL_CONVERSION = YES;
				CLANG_WARN_OBJC_IMPLICIT_RETAIN_SELF = YES;
				CLANG_WARN_OBJC_LITERAL_CONVERSION = YES;
				CLANG_WARN_OBJC_ROOT_CLASS = YES_ERROR;
				CLANG_WARN_QUOTED_INCLUDE_IN_FRAMEWORK_HEADER = YES;
				CLANG_WARN_RANGE_LOOP_ANALYSIS = YES;
				CLANG_WARN_STRICT_PROTOTYPES = YES;
				CLANG_WARN_SUSPICIOUS_MOVE = YES;
				CLANG_WARN_UNGUARDED_AVAILABILITY = YES_AGGRESSIVE;
				CLANG_WARN_UNREACHABLE_CODE = YES;
				CLANG_WARN__DUPLICATE_METHOD_MATCH = YES;
				COPY_PHASE_STRIP = NO;
				DEBUG_INFORMATION_FORMAT = "dwarf-with-dsym";
				ENABLE_NS_ASSERTIONS = NO;
				ENABLE_STRICT_OBJC_MSGSEND = YES;
				GCC_C_LANGUAGE_STANDARD = gnu11;
				GCC_NO_COMMON_BLOCKS = YES;
				GCC_WARN_64_TO_32_BIT_CONVERSION = YES;
				GCC_WARN_ABOUT_RETURN_TYPE = YES_ERROR;
				GCC_WARN_UNDECLARED_SELECTOR = YES;
				GCC_WARN_UNINITIALIZED_AUTOS = YES_AGGRESSIVE;
				GCC_WARN_UNUSED_FUNCTION = YES;
				GCC_WARN_UNUSED_VARIABLE = YES;
				MACOSX_DEPLOYMENT_TARGET = 10.15;
				MTL_ENABLE_DEBUG_INFO = NO;
				MTL_FAST_MATH = YES;
				SDKROOT = macosx;
			};
			name = Release;
		};
		4DF5FB5C3014BE7E006AE901 /* Debug */ = {
			isa = XCBuildConfiguration;
			buildSettings = {
				ASSETCATALOG_COMPILER_APPICON_NAME = AppIcon;
				ASSETCATALOG_COMPILER_GLOBAL_ACCENT_COLOR_NAME = AccentColor;
				CODE_SIGN_ENTITLEMENTS = HC/HC.entitlements;
				CODE_SIGN_STYLE = Automatic;
				COMBINE_HIDPI_IMAGES = YES;
				INFOPLIST_FILE = HC/Info.plist;
				LD_RUNPATH_SEARCH_PATHS = (
					"$(inherited)",
					"@executable_path/../Frameworks",
				);
				MACOSX_DEPLOYMENT_TARGET = 10.13;
				PRODUCT_BUNDLE_IDENTIFIER = labynet.HC;
				PRODUCT_NAME = "$(TARGET_NAME)";
			};
			name = Debug;
		};
		4DF5FB5D3014BE7E006AE901 /* Release */ = {
			isa = XCBuildConfiguration;
			buildSettings = {
				ASSETCATALOG_COMPILER_APPICON_NAME = AppIcon;
				ASSETCATALOG_COMPILER_GLOBAL_ACCENT_COLOR_NAME = AccentColor;
				CODE_SIGN_ENTITLEMENTS = HC/HC.entitlements;
				CODE_SIGN_STYLE = Automatic;
				COMBINE_HIDPI_IMAGES = YES;
				INFOPLIST_FILE = HC/Info.plist;
				LD_RUNPATH_SEARCH_PATHS = (
					"$(inherited)",
					"@executable_path/../Frameworks",
				);
				MACOSX_DEPLOYMENT_TARGET = 10.13;
				PRODUCT_BUNDLE_IDENTIFIER = labynet.HC;
				PRODUCT_NAME = "$(TARGET_NAME)";
			};
			name = Release;
		};
/* End XCBuildConfiguration section */

/* Begin XCConfigurationList section */
		4DF5FB453014BE74006AE901 /* Build configuration list for PBXProject "HC" */ = {
			isa = XCConfigurationList;
			buildConfigurations = (
				4DF5FB593014BE7E006AE901 /* Debug */,
				4DF5FB5A3014BE7E006AE901 /* Release */,
			);
			defaultConfigurationIsVisible = 0;
			defaultConfigurationName = Release;
		};
		4DF5FB5B3014BE7E006AE901 /* Build configuration list for PBXNativeTarget "HC" */ = {
			isa = XCConfigurationList;
			buildConfigurations = (
				4DF5FB5C3014BE7E006AE901 /* Debug */,
				4DF5FB5D3014BE7E006AE901 /* Release */,
			);
			defaultConfigurationIsVisible = 0;
			defaultConfigurationName = Release;
		};
/* End XCConfigurationList section */
	};
	rootObject = 4DF5FB423014BE74006AE901 /* Project object */;
}
